// !$*UTF8*$!
{
	archiveVersion = 1;
	classes = {
	};
	objectVersion = 46;
	objects = {

/* Begin PBXBuildFile section */
		2F4FA5B31EA5C3E800E6E25F /* TAAbstractDotView.m in Sources */ = {isa = PBXBuildFile; fileRef = 2F4FA5A61EA5C3E800E6E25F /* TAAbstractDotView.m */; };
		2F4FA5B41EA5C3E800E6E25F /* TAAnimatedDotView.m in Sources */ = {isa = PBXBuildFile; fileRef = 2F4FA5A81EA5C3E800E6E25F /* TAAnimatedDotView.m */; };
		2F4FA5B51EA5C3E800E6E25F /* TADotView.m in Sources */ = {isa = PBXBuildFile; fileRef = 2F4FA5AA1EA5C3E800E6E25F /* TADotView.m */; };
		2F4FA5B61EA5C3E800E6E25F /* TAPageControl.m in Sources */ = {isa = PBXBuildFile; fileRef = 2F4FA5AC1EA5C3E800E6E25F /* TAPageControl.m */; };
		2F4FA5B71EA5C3E800E6E25F /* SDCollectionViewCell.m in Sources */ = {isa = PBXBuildFile; fileRef = 2F4FA5AE1EA5C3E800E6E25F /* SDCollectionViewCell.m */; };
		2F4FA5B81EA5C3E800E6E25F /* SDCycleScrollView.m in Sources */ = {isa = PBXBuildFile; fileRef = 2F4FA5B01EA5C3E800E6E25F /* SDCycleScrollView.m */; };
		2F4FA5B91EA5C3E800E6E25F /* UIView+SDExtension.m in Sources */ = {isa = PBXBuildFile; fileRef = 2F4FA5B21EA5C3E800E6E25F /* UIView+SDExtension.m */; };
		2F4FA5BC1EA5C52E00E6E25F /* YQCycleView.m in Sources */ = {isa = PBXBuildFile; fileRef = 2F4FA5BB1EA5C52E00E6E25F /* YQCycleView.m */; };
		2F4FA5DD1EA5E23700E6E25F /* 01.jpg in Resources */ = {isa = PBXBuildFile; fileRef = 2F4FA5D31EA5E23700E6E25F /* 01.jpg */; };
		2F4FA5DE1EA5E23700E6E25F /* 02.jpg in Resources */ = {isa = PBXBuildFile; fileRef = 2F4FA5D41EA5E23700E6E25F /* 02.jpg */; };
		2F4FA5DF1EA5E23700E6E25F /* 03.jpg in Resources */ = {isa = PBXBuildFile; fileRef = 2F4FA5D51EA5E23700E6E25F /* 03.jpg */; };
		2F4FA5E01EA5E23700E6E25F /* 04.jpg in Resources */ = {isa = PBXBuildFile; fileRef = 2F4FA5D61EA5E23700E6E25F /* 04.jpg */; };
		2F4FA5E11EA5E23700E6E25F /* 05.jpg in Resources */ = {isa = PBXBuildFile; fileRef = 2F4FA5D71EA5E23700E6E25F /* 05.jpg */; };
		2F4FA5E21EA5E23700E6E25F /* 06.jpg in Resources */ = {isa = PBXBuildFile; fileRef = 2F4FA5D81EA5E23700E6E25F /* 06.jpg */; };
		2F4FA5E31EA5E23700E6E25F /* 07.jpg in Resources */ = {isa = PBXBuildFile; fileRef = 2F4FA5D91EA5E23700E6E25F /* 07.jpg */; };
		2F4FA5E41EA5E23700E6E25F /* 08.jpg in Resources */ = {isa = PBXBuildFile; fileRef = 2F4FA5DA1EA5E23700E6E25F /* 08.jpg */; };
		2F4FA5E51EA5E23700E6E25F /* 09.jpg in Resources */ = {isa = PBXBuildFile; fileRef = 2F4FA5DB1EA5E23700E6E25F /* 09.jpg */; };
		2F4FA5E61EA5E23700E6E25F /* 10.jpg in Resources */ = {isa = PBXBuildFile; fileRef = 2F4FA5DC1EA5E23700E6E25F /* 10.jpg */; };
		2F4FA5EF1EA5EC8800E6E25F /* YQFirstTableViewController.m in Sources */ = {isa = PBXBuildFile; fileRef = 2F4FA5EE1EA5EC8800E6E25F /* YQFirstTableViewController.m */; };
		2F4FA5F21EA5EF7100E6E25F /* YQButton.m in Sources */ = {isa = PBXBuildFile; fileRef = 2F4FA5F11EA5EF7100E6E25F /* YQButton.m */; };
		2F5E5CED1EA70DA600F5940B /* YQTitleScrollView.m in Sources */ = {isa = PBXBuildFile; fileRef = 2F5E5CEC1EA70DA600F5940B /* YQTitleScrollView.m */; };
		2F8966931EA497FA00A1F697 /* main.m in Sources */ = {isa = PBXBuildFile; fileRef = 2F8966921EA497FA00A1F697 /* main.m */; };
		2F8966961EA497FA00A1F697 /* AppDelegate.m in Sources */ = {isa = PBXBuildFile; fileRef = 2F8966951EA497FA00A1F697 /* AppDelegate.m */; };
		2F89669C1EA497FA00A1F697 /* Main.storyboard in Resources */ = {isa = PBXBuildFile; fileRef = 2F89669A1EA497FA00A1F697 /* Main.storyboard */; };
		2F89669E1EA497FA00A1F697 /* Assets.xcassets in Resources */ = {isa = PBXBuildFile; fileRef = 2F89669D1EA497FA00A1F697 /* Assets.xcassets */; };
		2F8966A11EA497FA00A1F697 /* LaunchScreen.storyboard in Resources */ = {isa = PBXBuildFile; fileRef = 2F89669F1EA497FA00A1F697 /* LaunchScreen.storyboard */; };
		2F8966AA1EA49C9B00A1F697 /* YQTabBarController.m in Sources */ = {isa = PBXBuildFile; fileRef = 2F8966A91EA49C9B00A1F697 /* YQTabBarController.m */; };
		2F8966F41EA4F66400A1F697 /* YQHomeViewController.m in Sources */ = {isa = PBXBuildFile; fileRef = 2F8966F31EA4F66400A1F697 /* YQHomeViewController.m */; };
		2F8967041EA4FA7700A1F697 /* YQTableViewCell.m in Sources */ = {isa = PBXBuildFile; fileRef = 2F8967021EA4FA7700A1F697 /* YQTableViewCell.m */; };
		2F8967051EA4FA7700A1F697 /* YQTableViewCell.xib in Resources */ = {isa = PBXBuildFile; fileRef = 2F8967031EA4FA7700A1F697 /* YQTableViewCell.xib */; };
		9F819B6540A4EA3112FAD3C5 /* libPods-DR_NewMedia.a in Frameworks */ = {isa = PBXBuildFile; fileRef = 5A39F7F5079FEF0D1CE05A67 /* libPods-DR_NewMedia.a */; };
/* End PBXBuildFile section */

/* Begin PBXFileReference section */
		2F4FA5A51EA5C3E800E6E25F /* TAAbstractDotView.h */ = {isa = PBXFileReference; fileEncoding = 4; lastKnownFileType = sourcecode.c.h; path = TAAbstractDotView.h; sourceTree = "<group>"; };
		2F4FA5A61EA5C3E800E6E25F /* TAAbstractDotView.m */ = {isa = PBXFileReference; fileEncoding = 4; lastKnownFileType = sourcecode.c.objc; path = TAAbstractDotView.m; sourceTree = "<group>"; };
		2F4FA5A71EA5C3E800E6E25F /* TAAnimatedDotView.h */ = {isa = PBXFileReference; fileEncoding = 4; lastKnownFileType = sourcecode.c.h; path = TAAnimatedDotView.h; sourceTree = "<group>"; };
		2F4FA5A81EA5C3E800E6E25F /* TAAnimatedDotView.m */ = {isa = PBXFileReference; fileEncoding = 4; lastKnownFileType = sourcecode.c.objc; path = TAAnimatedDotView.m; sourceTree = "<group>"; };
		2F4FA5A91EA5C3E800E6E25F /* TADotView.h */ = {isa = PBXFileReference; fileEncoding = 4; lastKnownFileType = sourcecode.c.h; path = TADotView.h; sourceTree = "<group>"; };
		2F4FA5AA1EA5C3E800E6E25F /* TADotView.m */ = {isa = PBXFileReference; fileEncoding = 4; lastKnownFileType = sourcecode.c.objc; path = TADotView.m; sourceTree = "<group>"; };
		2F4FA5AB1EA5C3E800E6E25F /* TAPageControl.h */ = {isa = PBXFileReference; fileEncoding = 4; lastKnownFileType = sourcecode.c.h; path = TAPageControl.h; sourceTree = "<group>"; };
		2F4FA5AC1EA5C3E800E6E25F /* TAPageControl.m */ = {isa = PBXFileReference; fileEncoding = 4; lastKnownFileType = sourcecode.c.objc; path = TAPageControl.m; sourceTree = "<group>"; };
		2F4FA5AD1EA5C3E800E6E25F /* SDCollectionViewCell.h */ = {isa = PBXFileReference; fileEncoding = 4; lastKnownFileType = sourcecode.c.h; path = SDCollectionViewCell.h; sourceTree = "<group>"; };
		2F4FA5AE1EA5C3E800E6E25F /* SDCollectionViewCell.m */ = {isa = PBXFileReference; fileEncoding = 4; lastKnownFileType = sourcecode.c.objc; path = SDCollectionViewCell.m; sourceTree = "<group>"; };
		2F4FA5AF1EA5C3E800E6E25F /* SDCycleScrollView.h */ = {isa = PBXFileReference; fileEncoding = 4; lastKnownFileType = sourcecode.c.h; path = SDCycleScrollView.h; sourceTree = "<group>"; };
		2F4FA5B01EA5C3E800E6E25F /* SDCycleScrollView.m */ = {isa = PBXFileReference; fileEncoding = 4; lastKnownFileType = sourcecode.c.objc; path = SDCycleScrollView.m; sourceTree = "<group>"; };
		2F4FA5B11EA5C3E800E6E25F /* UIView+SDExtension.h */ = {isa = PBXFileReference; fileEncoding = 4; lastKnownFileType = sourcecode.c.h; path = "UIView+SDExtension.h"; sourceTree = "<group>"; };
		2F4FA5B21EA5C3E800E6E25F /* UIView+SDExtension.m */ = {isa = PBXFileReference; fileEncoding = 4; lastKnownFileType = sourcecode.c.objc; path = "UIView+SDExtension.m"; sourceTree = "<group>"; };
		2F4FA5BA1EA5C52E00E6E25F /* YQCycleView.h */ = {isa = PBXFileReference; fileEncoding = 4; lastKnownFileType = sourcecode.c.h; path = YQCycleView.h; sourceTree = "<group>"; };
		2F4FA5BB1EA5C52E00E6E25F /* YQCycleView.m */ = {isa = PBXFileReference; fileEncoding = 4; lastKnownFileType = sourcecode.c.objc; path = YQCycleView.m; sourceTree = "<group>"; };
		2F4FA5D31EA5E23700E6E25F /* 01.jpg */ = {isa = PBXFileReference; lastKnownFileType = image.jpeg; path = 01.jpg; sourceTree = "<group>"; };
		2F4FA5D41EA5E23700E6E25F /* 02.jpg */ = {isa = PBXFileReference; lastKnownFileType = image.jpeg; path = 02.jpg; sourceTree = "<group>"; };
		2F4FA5D51EA5E23700E6E25F /* 03.jpg */ = {isa = PBXFileReference; lastKnownFileType = image.jpeg; path = 03.jpg; sourceTree = "<group>"; };
		2F4FA5D61EA5E23700E6E25F /* 04.jpg */ = {isa = PBXFileReference; lastKnownFileType = image.jpeg; path = 04.jpg; sourceTree = "<group>"; };
		2F4FA5D71EA5E23700E6E25F /* 05.jpg */ = {isa = PBXFileReference; lastKnownFileType = image.jpeg; path = 05.jpg; sourceTree = "<group>"; };
		2F4FA5D81EA5E23700E6E25F /* 06.jpg */ = {isa = PBXFileReference; lastKnownFileType = image.jpeg; path = 06.jpg; sourceTree = "<group>"; };
		2F4FA5D91EA5E23700E6E25F /* 07.jpg */ = {isa = PBXFileReference; lastKnownFileType = image.jpeg; path = 07.jpg; sourceTree = "<group>"; };
		2F4FA5DA1EA5E23700E6E25F /* 08.jpg */ = {isa = PBXFileReference; lastKnownFileType = image.jpeg; path = 08.jpg; sourceTree = "<group>"; };
		2F4FA5DB1EA5E23700E6E25F /* 09.jpg */ = {isa = PBXFileReference; lastKnownFileType = image.jpeg; path = 09.jpg; sourceTree = "<group>"; };
		2F4FA5DC1EA5E23700E6E25F /* 10.jpg */ = {isa = PBXFileReference; lastKnownFileType = image.jpeg; path = 10.jpg; sourceTree = "<group>"; };
		2F4FA5ED1EA5EC8800E6E25F /* YQFirstTableViewController.h */ = {isa = PBXFileReference; fileEncoding = 4; lastKnownFileType = sourcecode.c.h; path = YQFirstTableViewController.h; sourceTree = "<group>"; };
		2F4FA5EE1EA5EC8800E6E25F /* YQFirstTableViewController.m */ = {isa = PBXFileReference; fileEncoding = 4; lastKnownFileType = sourcecode.c.objc; path = YQFirstTableViewController.m; sourceTree = "<group>"; };
		2F4FA5F01EA5EF7100E6E25F /* YQButton.h */ = {isa = PBXFileReference; fileEncoding = 4; lastKnownFileType = sourcecode.c.h; path = YQButton.h; sourceTree = "<group>"; };
		2F4FA5F11EA5EF7100E6E25F /* YQButton.m */ = {isa = PBXFileReference; fileEncoding = 4; lastKnownFileType = sourcecode.c.objc; path = YQButton.m; sourceTree = "<group>"; };
		2F5E5CEB1EA70DA600F5940B /* YQTitleScrollView.h */ = {isa = PBXFileReference; fileEncoding = 4; lastKnownFileType = sourcecode.c.h; path = YQTitleScrollView.h; sourceTree = "<group>"; };
		2F5E5CEC1EA70DA600F5940B /* YQTitleScrollView.m */ = {isa = PBXFileReference; fileEncoding = 4; lastKnownFileType = sourcecode.c.objc; path = YQTitleScrollView.m; sourceTree = "<group>"; };
		2F89668E1EA497FA00A1F697 /* DR_NewMedia.app */ = {isa = PBXFileReference; explicitFileType = wrapper.application; includeInIndex = 0; path = DR_NewMedia.app; sourceTree = BUILT_PRODUCTS_DIR; };
		2F8966921EA497FA00A1F697 /* main.m */ = {isa = PBXFileReference; lastKnownFileType = sourcecode.c.objc; path = main.m; sourceTree = "<group>"; };
		2F8966941EA497FA00A1F697 /* AppDelegate.h */ = {isa = PBXFileReference; lastKnownFileType = sourcecode.c.h; path = AppDelegate.h; sourceTree = "<group>"; };
		2F8966951EA497FA00A1F697 /* AppDelegate.m */ = {isa = PBXFileReference; lastKnownFileType = sourcecode.c.objc; path = AppDelegate.m; sourceTree = "<group>"; };
		2F89669B1EA497FA00A1F697 /* Base */ = {isa = PBXFileReference; lastKnownFileType = file.storyboard; name = Base; path = Base.lproj/Main.storyboard; sourceTree = "<group>"; };
		2F89669D1EA497FA00A1F697 /* Assets.xcassets */ = {isa = PBXFileReference; lastKnownFileType = folder.assetcatalog; path = Assets.xcassets; sourceTree = "<group>"; };
		2F8966A01EA497FA00A1F697 /* Base */ = {isa = PBXFileReference; lastKnownFileType = file.storyboard; name = Base; path = Base.lproj/LaunchScreen.storyboard; sourceTree = "<group>"; };
		2F8966A21EA497FA00A1F697 /* Info.plist */ = {isa = PBXFileReference; lastKnownFileType = text.plist.xml; path = Info.plist; sourceTree = "<group>"; };
		2F8966A81EA49C9B00A1F697 /* YQTabBarController.h */ = {isa = PBXFileReference; fileEncoding = 4; lastKnownFileType = sourcecode.c.h; path = YQTabBarController.h; sourceTree = "<group>"; };
		2F8966A91EA49C9B00A1F697 /* YQTabBarController.m */ = {isa = PBXFileReference; fileEncoding = 4; lastKnownFileType = sourcecode.c.objc; path = YQTabBarController.m; sourceTree = "<group>"; };
		2F8966F21EA4F66400A1F697 /* YQHomeViewController.h */ = {isa = PBXFileReference; fileEncoding = 4; lastKnownFileType = sourcecode.c.h; path = YQHomeViewController.h; sourceTree = "<group>"; };
		2F8966F31EA4F66400A1F697 /* YQHomeViewController.m */ = {isa = PBXFileReference; fileEncoding = 4; lastKnownFileType = sourcecode.c.objc; path = YQHomeViewController.m; sourceTree = "<group>"; };
		2F8967011EA4FA7700A1F697 /* YQTableViewCell.h */ = {isa = PBXFileReference; fileEncoding = 4; lastKnownFileType = sourcecode.c.h; path = YQTableViewCell.h; sourceTree = "<group>"; };
		2F8967021EA4FA7700A1F697 /* YQTableViewCell.m */ = {isa = PBXFileReference; fileEncoding = 4; lastKnownFileType = sourcecode.c.objc; path = YQTableViewCell.m; sourceTree = "<group>"; };
		2F8967031EA4FA7700A1F697 /* YQTableViewCell.xib */ = {isa = PBXFileReference; fileEncoding = 4; lastKnownFileType = file.xib; path = YQTableViewCell.xib; sourceTree = "<group>"; };
		5A39F7F5079FEF0D1CE05A67 /* libPods-DR_NewMedia.a */ = {isa = PBXFileReference; explicitFileType = archive.ar; includeInIndex = 0; path = "libPods-DR_NewMedia.a"; sourceTree = BUILT_PRODUCTS_DIR; };
		BA1A62893ACCFC13E7146302 /* Pods-DR_NewMedia.release.xcconfig */ = {isa = PBXFileReference; includeInIndex = 1; lastKnownFileType = text.xcconfig; name = "Pods-DR_NewMedia.release.xcconfig"; path = "Pods/Target Support Files/Pods-DR_NewMedia/Pods-DR_NewMedia.release.xcconfig"; sourceTree = "<group>"; };
		C1C309F9F2243279F15FA893 /* Pods-DR_NewMedia.debug.xcconfig */ = {isa = PBXFileReference; includeInIndex = 1; lastKnownFileType = text.xcconfig; name = "Pods-DR_NewMedia.debug.xcconfig"; path = "Pods/Target Support Files/Pods-DR_NewMedia/Pods-DR_NewMedia.debug.xcconfig"; sourceTree = "<group>"; };
/* End PBXFileReference section */

/* Begin PBXFrameworksBuildPhase section */
		2F89668B1EA497FA00A1F697 /* Frameworks */ = {
			isa = PBXFrameworksBuildPhase;
			buildActionMask = 2147483647;
			files = (
				9F819B6540A4EA3112FAD3C5 /* libPods-DR_NewMedia.a in Frameworks */,
			);
			runOnlyForDeploymentPostprocessing = 0;
		};
/* End PBXFrameworksBuildPhase section */

/* Begin PBXGroup section */
		101E19C4B09621BD6F035C49 /* Pods */ = {
			isa = PBXGroup;
			children = (
				C1C309F9F2243279F15FA893 /* Pods-DR_NewMedia.debug.xcconfig */,
				BA1A62893ACCFC13E7146302 /* Pods-DR_NewMedia.release.xcconfig */,
			);
			name = Pods;
			sourceTree = "<group>";
		};
		2F4FA5A21EA5C25100E6E25F /* Framework */ = {
			isa = PBXGroup;
			children = (
				2F4FA5D21EA5E23700E6E25F /* images */,
				2F4FA5A31EA5C3E800E6E25F /* SDCycleScrollView */,
			);
			name = Framework;
			sourceTree = "<group>";
		};
		2F4FA5A31EA5C3E800E6E25F /* SDCycleScrollView */ = {
			isa = PBXGroup;
			children = (
				2F4FA5A41EA5C3E800E6E25F /* PageControl */,
				2F4FA5AD1EA5C3E800E6E25F /* SDCollectionViewCell.h */,
				2F4FA5AE1EA5C3E800E6E25F /* SDCollectionViewCell.m */,
				2F4FA5AF1EA5C3E800E6E25F /* SDCycleScrollView.h */,
				2F4FA5B01EA5C3E800E6E25F /* SDCycleScrollView.m */,
				2F4FA5B11EA5C3E800E6E25F /* UIView+SDExtension.h */,
				2F4FA5B21EA5C3E800E6E25F /* UIView+SDExtension.m */,
			);
			path = SDCycleScrollView;
			sourceTree = "<group>";
		};
		2F4FA5A41EA5C3E800E6E25F /* PageControl */ = {
			isa = PBXGroup;
			children = (
				2F4FA5A51EA5C3E800E6E25F /* TAAbstractDotView.h */,
				2F4FA5A61EA5C3E800E6E25F /* TAAbstractDotView.m */,
				2F4FA5A71EA5C3E800E6E25F /* TAAnimatedDotView.h */,
				2F4FA5A81EA5C3E800E6E25F /* TAAnimatedDotView.m */,
				2F4FA5A91EA5C3E800E6E25F /* TADotView.h */,
				2F4FA5AA1EA5C3E800E6E25F /* TADotView.m */,
				2F4FA5AB1EA5C3E800E6E25F /* TAPageControl.h */,
				2F4FA5AC1EA5C3E800E6E25F /* TAPageControl.m */,
			);
			path = PageControl;
			sourceTree = "<group>";
		};
		2F4FA5D21EA5E23700E6E25F /* images */ = {
			isa = PBXGroup;
			children = (
				2F4FA5D31EA5E23700E6E25F /* 01.jpg */,
				2F4FA5D41EA5E23700E6E25F /* 02.jpg */,
				2F4FA5D51EA5E23700E6E25F /* 03.jpg */,
				2F4FA5D61EA5E23700E6E25F /* 04.jpg */,
				2F4FA5D71EA5E23700E6E25F /* 05.jpg */,
				2F4FA5D81EA5E23700E6E25F /* 06.jpg */,
				2F4FA5D91EA5E23700E6E25F /* 07.jpg */,
				2F4FA5DA1EA5E23700E6E25F /* 08.jpg */,
				2F4FA5DB1EA5E23700E6E25F /* 09.jpg */,
				2F4FA5DC1EA5E23700E6E25F /* 10.jpg */,
			);
			path = images;
			sourceTree = "<group>";
		};
		2F8966851EA497FA00A1F697 = {
			isa = PBXGroup;
			children = (
				2F4FA5A21EA5C25100E6E25F /* Framework */,
				2F8966901EA497FA00A1F697 /* DR_NewMedia */,
				2F89668F1EA497FA00A1F697 /* Products */,
				101E19C4B09621BD6F035C49 /* Pods */,
				DAD33F48926D9BE0C15DA6BC /* Frameworks */,
			);
			sourceTree = "<group>";
		};
		2F89668F1EA497FA00A1F697 /* Products */ = {
			isa = PBXGroup;
			children = (
				2F89668E1EA497FA00A1F697 /* DR_NewMedia.app */,
			);
			name = Products;
			sourceTree = "<group>";
		};
		2F8966901EA497FA00A1F697 /* DR_NewMedia */ = {
			isa = PBXGroup;
			children = (
				2F8966F11EA4F60C00A1F697 /* Home */,
				2F8966F01EA4F53C00A1F697 /* Group */,
				2F89669A1EA497FA00A1F697 /* Main.storyboard */,
				2F89669F1EA497FA00A1F697 /* LaunchScreen.storyboard */,
				2F89669D1EA497FA00A1F697 /* Assets.xcassets */,
				2F8966A21EA497FA00A1F697 /* Info.plist */,
				2F8966911EA497FA00A1F697 /* Supporting Files */,
			);
			path = DR_NewMedia;
			sourceTree = "<group>";
		};
		2F8966911EA497FA00A1F697 /* Supporting Files */ = {
			isa = PBXGroup;
			children = (
				2F8966921EA497FA00A1F697 /* main.m */,
			);
			name = "Supporting Files";
			sourceTree = "<group>";
		};
		2F8966F01EA4F53C00A1F697 /* Group */ = {
			isa = PBXGroup;
			children = (
				2F8966941EA497FA00A1F697 /* AppDelegate.h */,
				2F8966951EA497FA00A1F697 /* AppDelegate.m */,
				2F8966A81EA49C9B00A1F697 /* YQTabBarController.h */,
				2F8966A91EA49C9B00A1F697 /* YQTabBarController.m */,
			);
			name = Group;
			sourceTree = "<group>";
		};
		2F8966F11EA4F60C00A1F697 /* Home */ = {
			isa = PBXGroup;
			children = (
				2F8966F71EA4F85200A1F697 /* Model */,
				2F8966F61EA4F82000A1F697 /* View */,
				2F8966F51EA4F7F700A1F697 /* Controller */,
			);
			name = Home;
			sourceTree = "<group>";
		};
		2F8966F51EA4F7F700A1F697 /* Controller */ = {
			isa = PBXGroup;
			children = (
				2F8966F21EA4F66400A1F697 /* YQHomeViewController.h */,
				2F8966F31EA4F66400A1F697 /* YQHomeViewController.m */,
				2F4FA5ED1EA5EC8800E6E25F /* YQFirstTableViewController.h */,
				2F4FA5EE1EA5EC8800E6E25F /* YQFirstTableViewController.m */,
			);
			name = Controller;
			sourceTree = "<group>";
		};
		2F8966F61EA4F82000A1F697 /* View */ = {
			isa = PBXGroup;
			children = (
				2F8967011EA4FA7700A1F697 /* YQTableViewCell.h */,
				2F8967021EA4FA7700A1F697 /* YQTableViewCell.m */,
				2F8967031EA4FA7700A1F697 /* YQTableViewCell.xib */,
				2F5E5CEB1EA70DA600F5940B /* YQTitleScrollView.h */,
				2F5E5CEC1EA70DA600F5940B /* YQTitleScrollView.m */,
				2F4FA5BA1EA5C52E00E6E25F /* YQCycleView.h */,
				2F4FA5BB1EA5C52E00E6E25F /* YQCycleView.m */,
				2F4FA5F01EA5EF7100E6E25F /* YQButton.h */,
				2F4FA5F11EA5EF7100E6E25F /* YQButton.m */,
			);
			name = View;
			sourceTree = "<group>";
		};
		2F8966F71EA4F85200A1F697 /* Model */ = {
			isa = PBXGroup;
			children = (
			);
			name = Model;
			sourceTree = "<group>";
		};
		DAD33F48926D9BE0C15DA6BC /* Frameworks */ = {
			isa = PBXGroup;
			children = (
				5A39F7F5079FEF0D1CE05A67 /* libPods-DR_NewMedia.a */,
			);
			name = Frameworks;
			sourceTree = "<group>";
		};
/* End PBXGroup section */

/* Begin PBXNativeTarget section */
		2F89668D1EA497FA00A1F697 /* DR_NewMedia */ = {
			isa = PBXNativeTarget;
			buildConfigurationList = 2F8966A51EA497FA00A1F697 /* Build configuration list for PBXNativeTarget "DR_NewMedia" */;
			buildPhases = (
				9B17ADAE7E67C6033C5CCEF3 /* [CP] Check Pods Manifest.lock */,
				2F89668A1EA497FA00A1F697 /* Sources */,
				2F89668B1EA497FA00A1F697 /* Frameworks */,
				2F89668C1EA497FA00A1F697 /* Resources */,
				170C2BFC93A43E5A4895A849 /* [CP] Embed Pods Frameworks */,
				D32952DEEF34D5B42B84AAB4 /* [CP] Copy Pods Resources */,
			);
			buildRules = (
			);
			dependencies = (
			);
			name = DR_NewMedia;
			productName = DR_NewMedia;
			productReference = 2F89668E1EA497FA00A1F697 /* DR_NewMedia.app */;
			productType = "com.apple.product-type.application";
		};
/* End PBXNativeTarget section */

/* Begin PBXProject section */
		2F8966861EA497FA00A1F697 /* Project object */ = {
			isa = PBXProject;
			attributes = {
				LastUpgradeCheck = 0830;
				ORGANIZATIONNAME = YQ;
				TargetAttributes = {
					2F89668D1EA497FA00A1F697 = {
						CreatedOnToolsVersion = 8.3.1;
						DevelopmentTeam = HVL2C5A8LT;
						ProvisioningStyle = Automatic;
					};
				};
			};
			buildConfigurationList = 2F8966891EA497FA00A1F697 /* Build configuration list for PBXProject "DR_NewMedia" */;
			compatibilityVersion = "Xcode 3.2";
			developmentRegion = English;
			hasScannedForEncodings = 0;
			knownRegions = (
				en,
				Base,
			);
			mainGroup = 2F8966851EA497FA00A1F697;
			productRefGroup = 2F89668F1EA497FA00A1F697 /* Products */;
			projectDirPath = "";
			projectRoot = "";
			targets = (
				2F89668D1EA497FA00A1F697 /* DR_NewMedia */,
			);
		};
/* End PBXProject section */

/* Begin PBXResourcesBuildPhase section */
		2F89668C1EA497FA00A1F697 /* Resources */ = {
			isa = PBXResourcesBuildPhase;
			buildActionMask = 2147483647;
			files = (
				2F4FA5E51EA5E23700E6E25F /* 09.jpg in Resources */,
				2F4FA5DF1EA5E23700E6E25F /* 03.jpg in Resources */,
				2F4FA5E41EA5E23700E6E25F /* 08.jpg in Resources */,
				2F4FA5E01EA5E23700E6E25F /* 04.jpg in Resources */,
				2F4FA5DD1EA5E23700E6E25F /* 01.jpg in Resources */,
				2F4FA5DE1EA5E23700E6E25F /* 02.jpg in Resources */,
				2F4FA5E11EA5E23700E6E25F /* 05.jpg in Resources */,
				2F4FA5E31EA5E23700E6E25F /* 07.jpg in Resources */,
				2F4FA5E61EA5E23700E6E25F /* 10.jpg in Resources */,
				2F4FA5E21EA5E23700E6E25F /* 06.jpg in Resources */,
				2F8966A11EA497FA00A1F697 /* LaunchScreen.storyboard in Resources */,
				2F8967051EA4FA7700A1F697 /* YQTableViewCell.xib in Resources */,
				2F89669E1EA497FA00A1F697 /* Assets.xcassets in Resources */,
				2F89669C1EA497FA00A1F697 /* Main.storyboard in Resources */,
			);
			runOnlyForDeploymentPostprocessing = 0;
		};
/* End PBXResourcesBuildPhase section */

/* Begin PBXShellScriptBuildPhase section */
		170C2BFC93A43E5A4895A849 /* [CP] Embed Pods Frameworks */ = {
			isa = PBXShellScriptBuildPhase;
			buildActionMask = 2147483647;
			files = (
			);
			inputPaths = (
			);
			name = "[CP] Embed Pods Frameworks";
			outputPaths = (
			);
			runOnlyForDeploymentPostprocessing = 0;
			shellPath = /bin/sh;
			shellScript = "\"${SRCROOT}/Pods/Target Support Files/Pods-DR_NewMedia/Pods-DR_NewMedia-frameworks.sh\"\n";
			showEnvVarsInLog = 0;
		};
		9B17ADAE7E67C6033C5CCEF3 /* [CP] Check Pods Manifest.lock */ = {
			isa = PBXShellScriptBuildPhase;
			buildActionMask = 2147483647;
			files = (
			);
			inputPaths = (
			);
			name = "[CP] Check Pods Manifest.lock";
			outputPaths = (
			);
			runOnlyForDeploymentPostprocessing = 0;
			shellPath = /bin/sh;
			shellScript = "diff \"${PODS_PODFILE_DIR_PATH}/Podfile.lock\" \"${PODS_ROOT}/Manifest.lock\" > /dev/null\nif [ $? != 0 ] ; then\n    # print error to STDERR\n    echo \"error: The sandbox is not in sync with the Podfile.lock. Run 'pod install' or update your CocoaPods installation.\" >&2\n    exit 1\nfi\n";
			showEnvVarsInLog = 0;
		};
		D32952DEEF34D5B42B84AAB4 /* [CP] Copy Pods Resources */ = {
			isa = PBXShellScriptBuildPhase;
			buildActionMask = 2147483647;
			files = (
			);
			inputPaths = (
			);
			name = "[CP] Copy Pods Resources";
			outputPaths = (
			);
			runOnlyForDeploymentPostprocessing = 0;
			shellPath = /bin/sh;
			shellScript = "\"${SRCROOT}/Pods/Target Support Files/Pods-DR_NewMedia/Pods-DR_NewMedia-resources.sh\"\n";
			showEnvVarsInLog = 0;
		};
/* End PBXShellScriptBuildPhase section */

/* Begin PBXSourcesBuildPhase section */
		2F89668A1EA497FA00A1F697 /* Sources */ = {
			isa = PBXSourcesBuildPhase;
			buildActionMask = 2147483647;
			files = (
				2F8966AA1EA49C9B00A1F697 /* YQTabBarController.m in Sources */,
				2F4FA5F21EA5EF7100E6E25F /* YQButton.m in Sources */,
				2F4FA5B81EA5C3E800E6E25F /* SDCycleScrollView.m in Sources */,
				2F8967041EA4FA7700A1F697 /* YQTableViewCell.m in Sources */,
				2F5E5CED1EA70DA600F5940B /* YQTitleScrollView.m in Sources */,
				2F8966961EA497FA00A1F697 /* AppDelegate.m in Sources */,
				2F8966931EA497FA00A1F697 /* main.m in Sources */,
				2F4FA5B31EA5C3E800E6E25F /* TAAbstractDotView.m in Sources */,
				2F4FA5B61EA5C3E800E6E25F /* TAPageControl.m in Sources */,
				2F4FA5B71EA5C3E800E6E25F /* SDCollectionViewCell.m in Sources */,
				2F8966F41EA4F66400A1F697 /* YQHomeViewController.m in Sources */,
				2F4FA5B51EA5C3E800E6E25F /* TADotView.m in Sources */,
				2F4FA5B41EA5C3E800E6E25F /* TAAnimatedDotView.m in Sources */,
				2F4FA5B91EA5C3E800E6E25F /* UIView+SDExtension.m in Sources */,
				2F4FA5EF1EA5EC8800E6E25F /* YQFirstTableViewController.m in Sources */,
				2F4FA5BC1EA5C52E00E6E25F /* YQCycleView.m in Sources */,
			);
			runOnlyForDeploymentPostprocessing = 0;
		};
/* End PBXSourcesBuildPhase section */

/* Begin PBXVariantGroup section */
		2F89669A1EA497FA00A1F697 /* Main.storyboard */ = {
			isa = PBXVariantGroup;
			children = (
				2F89669B1EA497FA00A1F697 /* Base */,
			);
			name = Main.storyboard;
			sourceTree = "<group>";
		};
		2F89669F1EA497FA00A1F697 /* LaunchScreen.storyboard */ = {
			isa = PBXVariantGroup;
			children = (
				2F8966A01EA497FA00A1F697 /* Base */,
			);
			name = LaunchScreen.storyboard;
			sourceTree = "<group>";
		};
/* End PBXVariantGroup section */

/* Begin XCBuildConfiguration section */
		2F8966A31EA497FA00A1F697 /* Debug */ = {
			isa = XCBuildConfiguration;
			buildSettings = {
				ALWAYS_SEARCH_USER_PATHS = NO;
				CLANG_ANALYZER_NONNULL = YES;
				CLANG_ANALYZER_NUMBER_OBJECT_CONVERSION = YES_AGGRESSIVE;
				CLANG_CXX_LANGUAGE_STANDARD = "gnu++0x";
				CLANG_CXX_LIBRARY = "libc++";
				CLANG_ENABLE_MODULES = YES;
				CLANG_ENABLE_OBJC_ARC = YES;
				CLANG_WARN_BOOL_CONVERSION = YES;
				CLANG_WARN_CONSTANT_CONVERSION = YES;
				CLANG_WARN_DIRECT_OBJC_ISA_USAGE = YES_ERROR;
				CLANG_WARN_DOCUMENTATION_COMMENTS = YES;
				CLANG_WARN_EMPTY_BODY = YES;
				CLANG_WARN_ENUM_CONVERSION = YES;
				CLANG_WARN_INFINITE_RECURSION = YES;
				CLANG_WARN_INT_CONVERSION = YES;
				CLANG_WARN_OBJC_ROOT_CLASS = YES_ERROR;
				CLANG_WARN_SUSPICIOUS_MOVE = YES;
				CLANG_WARN_UNREACHABLE_CODE = YES;
				CLANG_WARN__DUPLICATE_METHOD_MATCH = YES;
				"CODE_SIGN_IDENTITY[sdk=iphoneos*]" = "iPhone Developer";
				COPY_PHASE_STRIP = NO;
				DEBUG_INFORMATION_FORMAT = dwarf;
				ENABLE_STRICT_OBJC_MSGSEND = YES;
				ENABLE_TESTABILITY = YES;
				GCC_C_LANGUAGE_STANDARD = gnu99;
				GCC_DYNAMIC_NO_PIC = NO;
				GCC_NO_COMMON_BLOCKS = YES;
				GCC_OPTIMIZATION_LEVEL = 0;
				GCC_PREPROCESSOR_DEFINITIONS = (
					"DEBUG=1",
					"$(inherited)",
				);
				GCC_WARN_64_TO_32_BIT_CONVERSION = YES;
				GCC_WARN_ABOUT_RETURN_TYPE = YES_ERROR;
				GCC_WARN_UNDECLARED_SELECTOR = YES;
				GCC_WARN_UNINITIALIZED_AUTOS = YES_AGGRESSIVE;
				GCC_WARN_UNUSED_FUNCTION = YES;
				GCC_WARN_UNUSED_VARIABLE = YES;
				IPHONEOS_DEPLOYMENT_TARGET = 10.3;
				MTL_ENABLE_DEBUG_INFO = YES;
				ONLY_ACTIVE_ARCH = YES;
				SDKROOT = iphoneos;
				TARGETED_DEVICE_FAMILY = "1,2";
			};
			name = Debug;
		};
		2F8966A41EA497FA00A1F697 /* Release */ = {
			isa = XCBuildConfiguration;
			buildSettings = {
				ALWAYS_SEARCH_USER_PATHS = NO;
				CLANG_ANALYZER_NONNULL = YES;
				CLANG_ANALYZER_NUMBER_OBJECT_CONVERSION = YES_AGGRESSIVE;
				CLANG_CXX_LANGUAGE_STANDARD = "gnu++0x";
				CLANG_CXX_LIBRARY = "libc++";
				CLANG_ENABLE_MODULES = YES;
				CLANG_ENABLE_OBJC_ARC = YES;
				CLANG_WARN_BOOL_CONVERSION = YES;
				CLANG_WARN_CONSTANT_CONVERSION = YES;
				CLANG_WARN_DIRECT_OBJC_ISA_USAGE = YES_ERROR;
				CLANG_WARN_DOCUMENTATION_COMMENTS = YES;
				CLANG_WARN_EMPTY_BODY = YES;
				CLANG_WARN_ENUM_CONVERSION = YES;
				CLANG_WARN_INFINITE_RECURSION = YES;
				CLANG_WARN_INT_CONVERSION = YES;
				CLANG_WARN_OBJC_ROOT_CLASS = YES_ERROR;
				CLANG_WARN_SUSPICIOUS_MOVE = YES;
				CLANG_WARN_UNREACHABLE_CODE = YES;
				CLANG_WARN__DUPLICATE_METHOD_MATCH = YES;
				"CODE_SIGN_IDENTITY[sdk=iphoneos*]" = "iPhone Developer";
				COPY_PHASE_STRIP = NO;
				DEBUG_INFORMATION_FORMAT = "dwarf-with-dsym";
				ENABLE_NS_ASSERTIONS = NO;
				ENABLE_STRICT_OBJC_MSGSEND = YES;
				GCC_C_LANGUAGE_STANDARD = gnu99;
				GCC_NO_COMMON_BLOCKS = YES;
				GCC_WARN_64_TO_32_BIT_CONVERSION = YES;
				GCC_WARN_ABOUT_RETURN_TYPE = YES_ERROR;
				GCC_WARN_UNDECLARED_SELECTOR = YES;
				GCC_WARN_UNINITIALIZED_AUTOS = YES_AGGRESSIVE;
				GCC_WARN_UNUSED_FUNCTION = YES;
				GCC_WARN_UNUSED_VARIABLE = YES;
				IPHONEOS_DEPLOYMENT_TARGET = 10.3;
				MTL_ENABLE_DEBUG_INFO = NO;
				SDKROOT = iphoneos;
				TARGETED_DEVICE_FAMILY = "1,2";
				VALIDATE_PRODUCT = YES;
			};
			name = Release;
		};
		2F8966A61EA497FA00A1F697 /* Debug */ = {
			isa = XCBuildConfiguration;
			baseConfigurationReference = C1C309F9F2243279F15FA893 /* Pods-DR_NewMedia.debug.xcconfig */;
			buildSettings = {
				ASSETCATALOG_COMPILER_APPICON_NAME = AppIcon;
				DEVELOPMENT_TEAM = HVL2C5A8LT;
				INFOPLIST_FILE = DR_NewMedia/Info.plist;
				LD_RUNPATH_SEARCH_PATHS = "$(inherited) @executable_path/Frameworks";
				PRODUCT_BUNDLE_IDENTIFIER = "DR.DR-NewMedia";
				PRODUCT_NAME = "$(TARGET_NAME)";
			};
			name = Debug;
		};
		2F8966A71EA497FA00A1F697 /* Release */ = {
			isa = XCBuildConfiguration;
			baseConfigurationReference = BA1A62893ACCFC13E7146302 /* Pods-DR_NewMedia.release.xcconfig */;
			buildSettings = {
				ASSETCATALOG_COMPILER_APPICON_NAME = AppIcon;
				DEVELOPMENT_TEAM = HVL2C5A8LT;
				INFOPLIST_FILE = DR_NewMedia/Info.plist;
				LD_RUNPATH_SEARCH_PATHS = "$(inherited) @executable_path/Frameworks";
				PRODUCT_BUNDLE_IDENTIFIER = "DR.DR-NewMedia";
				PRODUCT_NAME = "$(TARGET_NAME)";
			};
			name = Release;
		};
/* End XCBuildConfiguration section */

/* Begin XCConfigurationList section */
		2F8966891EA497FA00A1F697 /* Build configuration list for PBXProject "DR_NewMedia" */ = {
			isa = XCConfigurationList;
			buildConfigurations = (
				2F8966A31EA497FA00A1F697 /* Debug */,
				2F8966A41EA497FA00A1F697 /* Release */,
			);
			defaultConfigurationIsVisible = 0;
			defaultConfigurationName = Release;
		};
		2F8966A51EA497FA00A1F697 /* Build configuration list for PBXNativeTarget "DR_NewMedia" */ = {
			isa = XCConfigurationList;
			buildConfigurations = (
				2F8966A61EA497FA00A1F697 /* Debug */,
				2F8966A71EA497FA00A1F697 /* Release */,
			);
			defaultConfigurationIsVisible = 0;
			defaultConfigurationName = Release;
		};
/* End XCConfigurationList section */
	};
	rootObject = 2F8966861EA497FA00A1F697 /* Project object */;
}
